
Microsoft Visual Studio Solution File, Format Version 12.00
# Visual Studio Version 17
VisualStudioVersion = 17.10.35004.147
MinimumVisualStudioVersion = 10.0.40219.1
Project("{FAE04EC0-301F-11D3-BF4B-00C04F79EFBC}") = "EMS", "EMS\EMS.csproj", "{3288375E-0BFD-4B77-A8ED-6C2E97FD2D57}"
EndProject
Project("{FAE04EC0-301F-11D3-BF4B-00C04F79EFBC}") = "DataAccess", "DataAccess\DataAccess.csproj", "{94025761-F89B-4549-99DF-3F76DC56BEFE}"
EndProject
Project("{FAE04EC0-301F-11D3-BF4B-00C04F79EFBC}") = "EMS.API", "EMS.API\EMS.API.csproj", "{C23E0E02-49B9-43AC-ACB9-656A0C12EFB3}"
EndProject
Global
	GlobalSection(SolutionConfigurationPlatforms) = preSolution
		Debug|Any CPU = Debug|Any CPU
		Release|Any CPU = Release|Any CPU
	EndGlobalSection
	GlobalSection(ProjectConfigurationPlatforms) = postSolution
		{3288375E-0BFD-4B77-A8ED-6C2E97FD2D57}.Debug|Any CPU.ActiveCfg = Debug|Any CPU
		{3288375E-0BFD-4B77-A8ED-6C2E97FD2D57}.Debug|Any CPU.Build.0 = Debug|Any CPU
		{3288375E-0BFD-4B77-A8ED-6C2E97FD2D57}.Release|Any CPU.ActiveCfg = Release|Any CPU
		{3288375E-0BFD-4B77-A8ED-6C2E97FD2D57}.Release|Any CPU.Build.0 = Release|Any CPU
		{94025761-F89B-4549-99DF-3F76DC56BEFE}.Debug|Any CPU.ActiveCfg = Debug|Any CPU
		{94025761-F89B-4549-99DF-3F76DC56BEFE}.Debug|Any CPU.Build.0 = Debug|Any CPU
		{94025761-F89B-4549-99DF-3F76DC56BEFE}.Release|Any CPU.ActiveCfg = Release|Any CPU
		{94025761-F89B-4549-99DF-3F76DC56BEFE}.Release|Any CPU.Build.0 = Release|Any CPU
		{C23E0E02-49B9-43AC-ACB9-656A0C12EFB3}.Debug|Any CPU.ActiveCfg = Debug|Any CPU
		{C23E0E02-49B9-43AC-ACB9-656A0C12EFB3}.Debug|Any CPU.Build.0 = Debug|Any CPU
		{C23E0E02-49B9-43AC-ACB9-656A0C12EFB3}.Release|Any CPU.ActiveCfg = Release|Any CPU
		{C23E0E02-49B9-43AC-ACB9-656A0C12EFB3}.Release|Any CPU.Build.0 = Release|Any CPU
	EndGlobalSection
	GlobalSection(SolutionProperties) = preSolution
		HideSolutionNode = FALSE
	EndGlobalSection
	GlobalSection(ExtensibilityGlobals) = postSolution
		SolutionGuid = {A6ADB3F4-215A-4881-B742-D3E04F514366}
	EndGlobalSection
EndGlobal
